
Microsoft Visual Studio Solution File, Format Version 12.00
# Visual Studio Version 17
VisualStudioVersion = 17.8.34309.116
MinimumVisualStudioVersion = 10.0.40219.1
Project("{2150E333-8FDC-42A3-9474-1A3956D46DE8}") = "src", "src", "{59ADA080-77E6-42C8-AAA5-20EE53D13371}"
EndProject
Project("{2150E333-8FDC-42A3-9474-1A3956D46DE8}") = "1-Presentation", "1-Presentation", "{A9A502F0-3362-44A1-AD94-B113F54DBC1E}"
EndProject
Project("{2150E333-8FDC-42A3-9474-1A3956D46DE8}") = "1.1-Api", "1.1-Api", "{43177A08-9FFF-41F0-BA6E-005A3EF492E7}"
EndProject
Project("{9A19103F-16F7-4668-BE54-9A1E7A4F7556}") = "Totvs.ATS.Api", "1-Presentation\Totvs.ATS.Api\Totvs.ATS.Api.csproj", "{A4BB6608-9C65-4B8A-8F75-DD7912E738BF}"
EndProject
Project("{2150E333-8FDC-42A3-9474-1A3956D46DE8}") = "2-Service", "2-Service", "{1303FE24-E8A7-412F-B518-F83C67C61B15}"
EndProject
Project("{2150E333-8FDC-42A3-9474-1A3956D46DE8}") = "3-Domain", "3-Domain", "{E91FCCB7-61FE-400F-825C-C9D7D95AF1B5}"
EndProject
Project("{9A19103F-16F7-4668-BE54-9A1E7A4F7556}") = "Totvs.ATS.Domain", "3-Domain\Totvs.ATS.Domain\Totvs.ATS.Domain.csproj", "{739F491C-30F6-4B14-A45C-59F0E19CB85C}"
EndProject
Project("{2150E333-8FDC-42A3-9474-1A3956D46DE8}") = "4-Infrastructure", "4-Infrastructure", "{A38BA8CB-17E3-4DC6-B29F-FE6AD4F6306E}"
EndProject
Project("{2150E333-8FDC-42A3-9474-1A3956D46DE8}") = "4.1-Data", "4.1-Data", "{A3BAC903-CD88-4EB8-9AD5-5F4CDB550235}"
EndProject
Project("{2150E333-8FDC-42A3-9474-1A3956D46DE8}") = "5-Crosscutting", "5-Crosscutting", "{61CCD884-099D-406D-AB4C-9EB081A203EF}"
EndProject
Project("{2150E333-8FDC-42A3-9474-1A3956D46DE8}") = "5.1-Ioc", "5.1-Ioc", "{85BBE297-BB7E-420D-847B-8F0E8B647A45}"
EndProject
Project("{2150E333-8FDC-42A3-9474-1A3956D46DE8}") = "5.2-Shared", "5.2-Shared", "{3DACE4A8-ADAA-4AE0-91B5-2B6BDBB16F39}"
EndProject
Project("{9A19103F-16F7-4668-BE54-9A1E7A4F7556}") = "Totvs.ATS.Crosscuting.Shared", "5-Crosscutting\5.3-Shared\Totvs.ATS.Crosscuting.Shared\Totvs.ATS.Crosscuting.Shared.csproj", "{4DCADF70-C23F-40A6-BE16-0D1DE6CEDFE4}"
EndProject
Project("{9A19103F-16F7-4668-BE54-9A1E7A4F7556}") = "Totvs.ATS.Crosscutting.Ioc", "5-Crosscutting\5.1-Ioc\Totvs.ATS.Crosscutting.Ioc\Totvs.ATS.Crosscutting.Ioc.csproj", "{2F8F487E-FE62-4181-B6FE-31CFEB084851}"
EndProject
Project("{E53339B2-1760-4266-BCC7-CA923CBCF16C}") = "docker-compose", "docker-compose.dcproj", "{B4BBCB80-678A-43C7-98D6-9C3015AE59FD}"
EndProject
Project("{9A19103F-16F7-4668-BE54-9A1E7A4F7556}") = "Totvs.ATS.Infrastructure.Data", "4-Infrastructure\4.1-Data\Totvs.ATS.Infrastructure.Data\Totvs.ATS.Infrastructure.Data.csproj", "{90D797B2-2C7F-4AF6-B55E-1251A7FDBBA5}"
EndProject
Project("{9A19103F-16F7-4668-BE54-9A1E7A4F7556}") = "Totvs.ATS.Service", "2-Service\Totvs.ATS.Service\Totvs.ATS.Service.csproj", "{5F000EFC-F36E-4B46-B8FA-CB79A0039FB6}"
EndProject
Project("{2150E333-8FDC-42A3-9474-1A3956D46DE8}") = "6-Tests", "6-Tests", "{E16F0E2A-DCCE-494F-85AB-5379C71995A4}"
EndProject
Project("{9A19103F-16F7-4668-BE54-9A1E7A4F7556}") = "Totvs.ATS.Tests", "6-Tests\Totvs.ATS.Tests\Totvs.ATS.Tests\Totvs.ATS.Tests.csproj", "{957CFD09-BDC3-48CC-BA86-3108789E25DF}"
EndProject
Global
	GlobalSection(SolutionConfigurationPlatforms) = preSolution
		Debug|Any CPU = Debug|Any CPU
		Release|Any CPU = Release|Any CPU
	EndGlobalSection
	GlobalSection(ProjectConfigurationPlatforms) = postSolution
		{A4BB6608-9C65-4B8A-8F75-DD7912E738BF}.Debug|Any CPU.ActiveCfg = Debug|Any CPU
		{A4BB6608-9C65-4B8A-8F75-DD7912E738BF}.Debug|Any CPU.Build.0 = Debug|Any CPU
		{A4BB6608-9C65-4B8A-8F75-DD7912E738BF}.Release|Any CPU.ActiveCfg = Release|Any CPU
		{A4BB6608-9C65-4B8A-8F75-DD7912E738BF}.Release|Any CPU.Build.0 = Release|Any CPU
		{739F491C-30F6-4B14-A45C-59F0E19CB85C}.Debug|Any CPU.ActiveCfg = Debug|Any CPU
		{739F491C-30F6-4B14-A45C-59F0E19CB85C}.Debug|Any CPU.Build.0 = Debug|Any CPU
		{739F491C-30F6-4B14-A45C-59F0E19CB85C}.Release|Any CPU.ActiveCfg = Release|Any CPU
		{739F491C-30F6-4B14-A45C-59F0E19CB85C}.Release|Any CPU.Build.0 = Release|Any CPU
		{4DCADF70-C23F-40A6-BE16-0D1DE6CEDFE4}.Debug|Any CPU.ActiveCfg = Debug|Any CPU
		{4DCADF70-C23F-40A6-BE16-0D1DE6CEDFE4}.Debug|Any CPU.Build.0 = Debug|Any CPU
		{4DCADF70-C23F-40A6-BE16-0D1DE6CEDFE4}.Release|Any CPU.ActiveCfg = Release|Any CPU
		{4DCADF70-C23F-40A6-BE16-0D1DE6CEDFE4}.Release|Any CPU.Build.0 = Release|Any CPU
		{2F8F487E-FE62-4181-B6FE-31CFEB084851}.Debug|Any CPU.ActiveCfg = Debug|Any CPU
		{2F8F487E-FE62-4181-B6FE-31CFEB084851}.Debug|Any CPU.Build.0 = Debug|Any CPU
		{2F8F487E-FE62-4181-B6FE-31CFEB084851}.Release|Any CPU.ActiveCfg = Release|Any CPU
		{2F8F487E-FE62-4181-B6FE-31CFEB084851}.Release|Any CPU.Build.0 = Release|Any CPU
		{B4BBCB80-678A-43C7-98D6-9C3015AE59FD}.Debug|Any CPU.ActiveCfg = Debug|Any CPU
		{B4BBCB80-678A-43C7-98D6-9C3015AE59FD}.Debug|Any CPU.Build.0 = Debug|Any CPU
		{B4BBCB80-678A-43C7-98D6-9C3015AE59FD}.Release|Any CPU.ActiveCfg = Release|Any CPU
		{B4BBCB80-678A-43C7-98D6-9C3015AE59FD}.Release|Any CPU.Build.0 = Release|Any CPU
		{90D797B2-2C7F-4AF6-B55E-1251A7FDBBA5}.Debug|Any CPU.ActiveCfg = Debug|Any CPU
		{90D797B2-2C7F-4AF6-B55E-1251A7FDBBA5}.Debug|Any CPU.Build.0 = Debug|Any CPU
		{90D797B2-2C7F-4AF6-B55E-1251A7FDBBA5}.Release|Any CPU.ActiveCfg = Release|Any CPU
		{90D797B2-2C7F-4AF6-B55E-1251A7FDBBA5}.Release|Any CPU.Build.0 = Release|Any CPU
		{5F000EFC-F36E-4B46-B8FA-CB79A0039FB6}.Debug|Any CPU.ActiveCfg = Debug|Any CPU
		{5F000EFC-F36E-4B46-B8FA-CB79A0039FB6}.Debug|Any CPU.Build.0 = Debug|Any CPU
		{5F000EFC-F36E-4B46-B8FA-CB79A0039FB6}.Release|Any CPU.ActiveCfg = Release|Any CPU
		{5F000EFC-F36E-4B46-B8FA-CB79A0039FB6}.Release|Any CPU.Build.0 = Release|Any CPU
		{957CFD09-BDC3-48CC-BA86-3108789E25DF}.Debug|Any CPU.ActiveCfg = Debug|Any CPU
		{957CFD09-BDC3-48CC-BA86-3108789E25DF}.Debug|Any CPU.Build.0 = Debug|Any CPU
		{957CFD09-BDC3-48CC-BA86-3108789E25DF}.Release|Any CPU.ActiveCfg = Release|Any CPU
		{957CFD09-BDC3-48CC-BA86-3108789E25DF}.Release|Any CPU.Build.0 = Release|Any CPU
	EndGlobalSection
	GlobalSection(SolutionProperties) = preSolution
		HideSolutionNode = FALSE
	EndGlobalSection
	GlobalSection(NestedProjects) = preSolution
		{A9A502F0-3362-44A1-AD94-B113F54DBC1E} = {59ADA080-77E6-42C8-AAA5-20EE53D13371}
		{43177A08-9FFF-41F0-BA6E-005A3EF492E7} = {A9A502F0-3362-44A1-AD94-B113F54DBC1E}
		{A4BB6608-9C65-4B8A-8F75-DD7912E738BF} = {43177A08-9FFF-41F0-BA6E-005A3EF492E7}
		{1303FE24-E8A7-412F-B518-F83C67C61B15} = {59ADA080-77E6-42C8-AAA5-20EE53D13371}
		{E91FCCB7-61FE-400F-825C-C9D7D95AF1B5} = {59ADA080-77E6-42C8-AAA5-20EE53D13371}
		{739F491C-30F6-4B14-A45C-59F0E19CB85C} = {E91FCCB7-61FE-400F-825C-C9D7D95AF1B5}
		{A38BA8CB-17E3-4DC6-B29F-FE6AD4F6306E} = {59ADA080-77E6-42C8-AAA5-20EE53D13371}
		{A3BAC903-CD88-4EB8-9AD5-5F4CDB550235} = {A38BA8CB-17E3-4DC6-B29F-FE6AD4F6306E}
		{61CCD884-099D-406D-AB4C-9EB081A203EF} = {59ADA080-77E6-42C8-AAA5-20EE53D13371}
		{85BBE297-BB7E-420D-847B-8F0E8B647A45} = {61CCD884-099D-406D-AB4C-9EB081A203EF}
		{3DACE4A8-ADAA-4AE0-91B5-2B6BDBB16F39} = {61CCD884-099D-406D-AB4C-9EB081A203EF}
		{4DCADF70-C23F-40A6-BE16-0D1DE6CEDFE4} = {3DACE4A8-ADAA-4AE0-91B5-2B6BDBB16F39}
		{2F8F487E-FE62-4181-B6FE-31CFEB084851} = {85BBE297-BB7E-420D-847B-8F0E8B647A45}
		{90D797B2-2C7F-4AF6-B55E-1251A7FDBBA5} = {A3BAC903-CD88-4EB8-9AD5-5F4CDB550235}
		{5F000EFC-F36E-4B46-B8FA-CB79A0039FB6} = {1303FE24-E8A7-412F-B518-F83C67C61B15}
		{E16F0E2A-DCCE-494F-85AB-5379C71995A4} = {59ADA080-77E6-42C8-AAA5-20EE53D13371}
		{957CFD09-BDC3-48CC-BA86-3108789E25DF} = {E16F0E2A-DCCE-494F-85AB-5379C71995A4}
	EndGlobalSection
	GlobalSection(ExtensibilityGlobals) = postSolution
		SolutionGuid = {F1C8AF06-2FED-44E3-BA48-C0468CD159A5}
	EndGlobalSection
EndGlobal
